
Microsoft Visual Studio Solution File, Format Version 12.00
# Visual Studio Version 17
VisualStudioVersion = 17.13.35913.81 d17.13
MinimumVisualStudioVersion = 10.0.40219.1
Project("{FAE04EC0-301F-11D3-BF4B-00C04F79EFBC}") = "helios.email.api", "helios.email.api\helios.email.api.csproj", "{02F5DFF9-C9F4-4AEC-9356-40C3FAC1E644}"
EndProject
Project("{FAE04EC0-301F-11D3-BF4B-00C04F79EFBC}") = "helios.email.models", "helios.email.models\helios.email.models.csproj", "{469E5131-EC44-4472-BEFB-075289833F00}"
EndProject
Global
	GlobalSection(SolutionConfigurationPlatforms) = preSolution
		Debug|Any CPU = Debug|Any CPU
		Release|Any CPU = Release|Any CPU
	EndGlobalSection
	GlobalSection(ProjectConfigurationPlatforms) = postSolution
		{02F5DFF9-C9F4-4AEC-9356-40C3FAC1E644}.Debug|Any CPU.ActiveCfg = Debug|Any CPU
		{02F5DFF9-C9F4-4AEC-9356-40C3FAC1E644}.Debug|Any CPU.Build.0 = Debug|Any CPU
		{02F5DFF9-C9F4-4AEC-9356-40C3FAC1E644}.Release|Any CPU.ActiveCfg = Release|Any CPU
		{02F5DFF9-C9F4-4AEC-9356-40C3FAC1E644}.Release|Any CPU.Build.0 = Release|Any CPU
		{469E5131-EC44-4472-BEFB-075289833F00}.Debug|Any CPU.ActiveCfg = Debug|Any CPU
		{469E5131-EC44-4472-BEFB-075289833F00}.Debug|Any CPU.Build.0 = Debug|Any CPU
		{469E5131-EC44-4472-BEFB-075289833F00}.Release|Any CPU.ActiveCfg = Release|Any CPU
		{469E5131-EC44-4472-BEFB-075289833F00}.Release|Any CPU.Build.0 = Release|Any CPU
	EndGlobalSection
	GlobalSection(SolutionProperties) = preSolution
		HideSolutionNode = FALSE
	EndGlobalSection
	GlobalSection(ExtensibilityGlobals) = postSolution
		SolutionGuid = {2FF26FE2-1B39-4E21-9A05-DEB20FE6E2C0}
	EndGlobalSection
EndGlobal
